
Microsoft Visual Studio Solution File, Format Version 12.00
# Visual Studio Version 16
VisualStudioVersion = 16.0.31424.327
MinimumVisualStudioVersion = 10.0.40219.1
Project("{9A19103F-16F7-4668-BE54-9A1E7A4F7556}") = "ChatApp", "ChatApp.csproj", "{9A22BDB1-A550-494C-89E6-471FA97CD28D}"
EndProject
Global
	GlobalSection(SolutionConfigurationPlatforms) = preSolution
		Debug|Any CPU = Debug|Any CPU
		Release|Any CPU = Release|Any CPU
	EndGlobalSection
	GlobalSection(ProjectConfigurationPlatforms) = postSolution
		{9A22BDB1-A550-494C-89E6-471FA97CD28D}.Debug|Any CPU.ActiveCfg = Debug|Any CPU
		{9A22BDB1-A550-494C-89E6-471FA97CD28D}.Debug|Any CPU.Build.0 = Debug|Any CPU
		{9A22BDB1-A550-494C-89E6-471FA97CD28D}.Release|Any CPU.ActiveCfg = Release|Any CPU
		{9A22BDB1-A550-494C-89E6-471FA97CD28D}.Release|Any CPU.Build.0 = Release|Any CPU
	EndGlobalSection
	GlobalSection(SolutionProperties) = preSolution
		HideSolutionNode = FALSE
	EndGlobalSection
	GlobalSection(ExtensibilityGlobals) = postSolution
		SolutionGuid = {DD5D306C-3B3B-456D-AC73-DC55A2A0038D}
	EndGlobalSection
EndGlobal
